
Microsoft Visual Studio Solution File, Format Version 12.00
# Visual Studio Version 17
VisualStudioVersion = 17.4.33213.308
MinimumVisualStudioVersion = 10.0.40219.1
Project("{FAE04EC0-301F-11D3-BF4B-00C04F79EFBC}") = "RAA_Level2_Module1_Review", "RAA_Level2_Module1_Review\RAA_Level2_Module1_Review.csproj", "{A63ACF81-40E5-404E-8472-4D2FE7C44C3D}"
EndProject
Global
	GlobalSection(SolutionConfigurationPlatforms) = preSolution
		Debug|Any CPU = Debug|Any CPU
		Release|Any CPU = Release|Any CPU
	EndGlobalSection
	GlobalSection(ProjectConfigurationPlatforms) = postSolution
		{A63ACF81-40E5-404E-8472-4D2FE7C44C3D}.Debug|Any CPU.ActiveCfg = Debug|Any CPU
		{A63ACF81-40E5-404E-8472-4D2FE7C44C3D}.Debug|Any CPU.Build.0 = Debug|Any CPU
		{A63ACF81-40E5-404E-8472-4D2FE7C44C3D}.Release|Any CPU.ActiveCfg = Release|Any CPU
		{A63ACF81-40E5-404E-8472-4D2FE7C44C3D}.Release|Any CPU.Build.0 = Release|Any CPU
	EndGlobalSection
	GlobalSection(SolutionProperties) = preSolution
		HideSolutionNode = FALSE
	EndGlobalSection
	GlobalSection(ExtensibilityGlobals) = postSolution
		SolutionGuid = {A6D6461A-55EB-432A-BC5D-DAAF874E52E9}
	EndGlobalSection
EndGlobal
